{
  "name": "ft_transcendence",
  "lockfileVersion": 2,
  "requires": true,
  "packages": {
    "": {
      "dependencies": {
        "@nestjs/mapped-types": "^1.2.2",
        "class-transformer": "^0.5.1",
        "class-validator": "^0.14.0"
      }
    },
    "node_modules/@lukeed/csprng": {
      "version": "1.0.1",
      "resolved": "https://registry.npmjs.org/@lukeed/csprng/-/csprng-1.0.1.tgz",
      "integrity": "sha512-uSvJdwQU5nK+Vdf6zxcWAY2A8r7uqe+gePwLWzJ+fsQehq18pc0I2hJKwypZ2aLM90+Er9u1xn4iLJPZ+xlL4g==",
      "peer": true,
      "engines": {
        "node": ">=8"
      }
    },
    "node_modules/@nestjs/common": {
      "version": "9.3.10",
      "resolved": "https://registry.npmjs.org/@nestjs/common/-/common-9.3.10.tgz",
      "integrity": "sha512-wj2bM9TXBlAvzgznkID0s7bN/niVn90sZIDtRFDnvaB1qagEpkWA0Bt39qilIuqdReluIaCjeEW106U0oyz+mQ==",
      "peer": true,
      "dependencies": {
        "iterare": "1.2.1",
        "tslib": "2.5.0",
        "uid": "2.0.1"
      },
      "funding": {
        "type": "opencollective",
        "url": "https://opencollective.com/nest"
      },
      "peerDependencies": {
        "cache-manager": "<=5",
        "class-transformer": "*",
        "class-validator": "*",
        "reflect-metadata": "^0.1.12",
        "rxjs": "^7.1.0"
      },
      "peerDependenciesMeta": {
        "cache-manager": {
          "optional": true
        },
        "class-transformer": {
          "optional": true
        },
        "class-validator": {
          "optional": true
        }
      }
    },
    "node_modules/@nestjs/mapped-types": {
      "version": "1.2.2",
      "resolved": "https://registry.npmjs.org/@nestjs/mapped-types/-/mapped-types-1.2.2.tgz",
      "integrity": "sha512-3dHxLXs3M0GPiriAcCFFJQHoDFUuzTD5w6JDhE7TyfT89YKpe6tcCCIqOZWdXmt9AZjjK30RkHRSFF+QEnWFQg==",
      "peerDependencies": {
        "@nestjs/common": "^7.0.8 || ^8.0.0 || ^9.0.0",
        "class-transformer": "^0.2.0 || ^0.3.0 || ^0.4.0 || ^0.5.0",
        "class-validator": "^0.11.1 || ^0.12.0 || ^0.13.0 || ^0.14.0",
        "reflect-metadata": "^0.1.12"
      },
      "peerDependenciesMeta": {
        "class-transformer": {
          "optional": true
        },
        "class-validator": {
          "optional": true
        }
      }
    },
    "node_modules/@types/validator": {
      "version": "13.7.14",
      "resolved": "https://registry.npmjs.org/@types/validator/-/validator-13.7.14.tgz",
      "integrity": "sha512-J6OAed6rhN6zyqL9Of6ZMamhlsOEU/poBVvbHr/dKOYKTeuYYMlDkMv+b6UUV0o2i0tw73cgyv/97WTWaUl0/g=="
    },
    "node_modules/class-transformer": {
      "version": "0.5.1",
      "resolved": "https://registry.npmjs.org/class-transformer/-/class-transformer-0.5.1.tgz",
      "integrity": "sha512-SQa1Ws6hUbfC98vKGxZH3KFY0Y1lm5Zm0SY8XX9zbK7FJCyVEac3ATW0RIpwzW+oOfmHE5PMPufDG9hCfoEOMw=="
    },
    "node_modules/class-validator": {
      "version": "0.14.0",
      "resolved": "https://registry.npmjs.org/class-validator/-/class-validator-0.14.0.tgz",
      "integrity": "sha512-ct3ltplN8I9fOwUd8GrP8UQixwff129BkEtuWDKL5W45cQuLd19xqmTLu5ge78YDm/fdje6FMt0hGOhl0lii3A==",
      "dependencies": {
        "@types/validator": "^13.7.10",
        "libphonenumber-js": "^1.10.14",
        "validator": "^13.7.0"
      }
    },
    "node_modules/iterare": {
      "version": "1.2.1",
      "resolved": "https://registry.npmjs.org/iterare/-/iterare-1.2.1.tgz",
      "integrity": "sha512-RKYVTCjAnRthyJes037NX/IiqeidgN1xc3j1RjFfECFp28A1GVwK9nA+i0rJPaHqSZwygLzRnFlzUuHFoWWy+Q==",
      "peer": true,
      "engines": {
        "node": ">=6"
      }
    },
    "node_modules/libphonenumber-js": {
      "version": "1.10.24",
      "resolved": "https://registry.npmjs.org/libphonenumber-js/-/libphonenumber-js-1.10.24.tgz",
      "integrity": "sha512-3Dk8f5AmrcWqg+oHhmm9hwSTqpWHBdSqsHmjCJGroULFubi0+x7JEIGmRZCuL3TI8Tx39xaKqfnhsDQ4ALa/Nw=="
    },
    "node_modules/reflect-metadata": {
      "version": "0.1.13",
      "resolved": "https://registry.npmjs.org/reflect-metadata/-/reflect-metadata-0.1.13.tgz",
      "integrity": "sha512-Ts1Y/anZELhSsjMcU605fU9RE4Oi3p5ORujwbIKXfWa+0Zxs510Qrmrce5/Jowq3cHSZSJqBjypxmHarc+vEWg==",
      "peer": true
    },
    "node_modules/rxjs": {
      "version": "7.8.0",
      "resolved": "https://registry.npmjs.org/rxjs/-/rxjs-7.8.0.tgz",
      "integrity": "sha512-F2+gxDshqmIub1KdvZkaEfGDwLNpPvk9Fs6LD/MyQxNgMds/WH9OdDDXOmxUZpME+iSK3rQCctkL0DYyytUqMg==",
      "peer": true,
      "dependencies": {
        "tslib": "^2.1.0"
      }
    },
    "node_modules/tslib": {
      "version": "2.5.0",
      "resolved": "https://registry.npmjs.org/tslib/-/tslib-2.5.0.tgz",
      "integrity": "sha512-336iVw3rtn2BUK7ORdIAHTyxHGRIHVReokCR3XjbckJMK7ms8FysBfhLR8IXnAgy7T0PTPNBWKiH514FOW/WSg==",
      "peer": true
    },
    "node_modules/uid": {
      "version": "2.0.1",
      "resolved": "https://registry.npmjs.org/uid/-/uid-2.0.1.tgz",
      "integrity": "sha512-PF+1AnZgycpAIEmNtjxGBVmKbZAQguaa4pBUq6KNaGEcpzZ2klCNZLM34tsjp76maN00TttiiUf6zkIBpJQm2A==",
      "peer": true,
      "dependencies": {
        "@lukeed/csprng": "^1.0.0"
      },
      "engines": {
        "node": ">=8"
      }
    },
    "node_modules/validator": {
      "version": "13.9.0",
      "resolved": "https://registry.npmjs.org/validator/-/validator-13.9.0.tgz",
      "integrity": "sha512-B+dGG8U3fdtM0/aNK4/X8CXq/EcxU2WPrPEkJGslb47qyHsxmbggTWK0yEA4qnYVNF+nxNlN88o14hIcPmSIEA==",
      "engines": {
        "node": ">= 0.10"
      }
    }
  },
  "dependencies": {
    "@lukeed/csprng": {
      "version": "1.0.1",
      "resolved": "https://registry.npmjs.org/@lukeed/csprng/-/csprng-1.0.1.tgz",
      "integrity": "sha512-uSvJdwQU5nK+Vdf6zxcWAY2A8r7uqe+gePwLWzJ+fsQehq18pc0I2hJKwypZ2aLM90+Er9u1xn4iLJPZ+xlL4g==",
      "peer": true
    },
    "@nestjs/common": {
      "version": "9.3.10",
      "resolved": "https://registry.npmjs.org/@nestjs/common/-/common-9.3.10.tgz",
      "integrity": "sha512-wj2bM9TXBlAvzgznkID0s7bN/niVn90sZIDtRFDnvaB1qagEpkWA0Bt39qilIuqdReluIaCjeEW106U0oyz+mQ==",
      "peer": true,
      "requires": {
        "iterare": "1.2.1",
        "tslib": "2.5.0",
        "uid": "2.0.1"
      }
    },
    "@nestjs/mapped-types": {
      "version": "1.2.2",
      "resolved": "https://registry.npmjs.org/@nestjs/mapped-types/-/mapped-types-1.2.2.tgz",
      "integrity": "sha512-3dHxLXs3M0GPiriAcCFFJQHoDFUuzTD5w6JDhE7TyfT89YKpe6tcCCIqOZWdXmt9AZjjK30RkHRSFF+QEnWFQg==",
      "requires": {}
    },
    "@types/validator": {
      "version": "13.7.14",
      "resolved": "https://registry.npmjs.org/@types/validator/-/validator-13.7.14.tgz",
      "integrity": "sha512-J6OAed6rhN6zyqL9Of6ZMamhlsOEU/poBVvbHr/dKOYKTeuYYMlDkMv+b6UUV0o2i0tw73cgyv/97WTWaUl0/g=="
    },
    "class-transformer": {
      "version": "0.5.1",
      "resolved": "https://registry.npmjs.org/class-transformer/-/class-transformer-0.5.1.tgz",
      "integrity": "sha512-SQa1Ws6hUbfC98vKGxZH3KFY0Y1lm5Zm0SY8XX9zbK7FJCyVEac3ATW0RIpwzW+oOfmHE5PMPufDG9hCfoEOMw=="
    },
    "class-validator": {
      "version": "0.14.0",
      "resolved": "https://registry.npmjs.org/class-validator/-/class-validator-0.14.0.tgz",
      "integrity": "sha512-ct3ltplN8I9fOwUd8GrP8UQixwff129BkEtuWDKL5W45cQuLd19xqmTLu5ge78YDm/fdje6FMt0hGOhl0lii3A==",
      "requires": {
        "@types/validator": "^13.7.10",
        "libphonenumber-js": "^1.10.14",
        "validator": "^13.7.0"
      }
    },
    "iterare": {
      "version": "1.2.1",
      "resolved": "https://registry.npmjs.org/iterare/-/iterare-1.2.1.tgz",
      "integrity": "sha512-RKYVTCjAnRthyJes037NX/IiqeidgN1xc3j1RjFfECFp28A1GVwK9nA+i0rJPaHqSZwygLzRnFlzUuHFoWWy+Q==",
      "peer": true
    },
    "libphonenumber-js": {
      "version": "1.10.24",
      "resolved": "https://registry.npmjs.org/libphonenumber-js/-/libphonenumber-js-1.10.24.tgz",
      "integrity": "sha512-3Dk8f5AmrcWqg+oHhmm9hwSTqpWHBdSqsHmjCJGroULFubi0+x7JEIGmRZCuL3TI8Tx39xaKqfnhsDQ4ALa/Nw=="
    },
    "reflect-metadata": {
      "version": "0.1.13",
      "resolved": "https://registry.npmjs.org/reflect-metadata/-/reflect-metadata-0.1.13.tgz",
      "integrity": "sha512-Ts1Y/anZELhSsjMcU605fU9RE4Oi3p5ORujwbIKXfWa+0Zxs510Qrmrce5/Jowq3cHSZSJqBjypxmHarc+vEWg==",
      "peer": true
    },
    "rxjs": {
      "version": "7.8.0",
      "resolved": "https://registry.npmjs.org/rxjs/-/rxjs-7.8.0.tgz",
      "integrity": "sha512-F2+gxDshqmIub1KdvZkaEfGDwLNpPvk9Fs6LD/MyQxNgMds/WH9OdDDXOmxUZpME+iSK3rQCctkL0DYyytUqMg==",
      "peer": true,
      "requires": {
        "tslib": "^2.1.0"
      }
    },
    "tslib": {
      "version": "2.5.0",
      "resolved": "https://registry.npmjs.org/tslib/-/tslib-2.5.0.tgz",
      "integrity": "sha512-336iVw3rtn2BUK7ORdIAHTyxHGRIHVReokCR3XjbckJMK7ms8FysBfhLR8IXnAgy7T0PTPNBWKiH514FOW/WSg==",
      "peer": true
    },
    "uid": {
      "version": "2.0.1",
      "resolved": "https://registry.npmjs.org/uid/-/uid-2.0.1.tgz",
      "integrity": "sha512-PF+1AnZgycpAIEmNtjxGBVmKbZAQguaa4pBUq6KNaGEcpzZ2klCNZLM34tsjp76maN00TttiiUf6zkIBpJQm2A==",
      "peer": true,
      "requires": {
        "@lukeed/csprng": "^1.0.0"
      }
    },
    "validator": {
      "version": "13.9.0",
      "resolved": "https://registry.npmjs.org/validator/-/validator-13.9.0.tgz",
      "integrity": "sha512-B+dGG8U3fdtM0/aNK4/X8CXq/EcxU2WPrPEkJGslb47qyHsxmbggTWK0yEA4qnYVNF+nxNlN88o14hIcPmSIEA=="
    }
  }
}
